
Microsoft Visual Studio Solution File, Format Version 12.00
# Visual Studio 14
VisualStudioVersion = 14.0.25123.0
MinimumVisualStudioVersion = 10.0.40219.1
Project("{FAE04EC0-301F-11D3-BF4B-00C04F79EFBC}") = "Roboworks.HueManager", "Roboworks.HueManager\Roboworks.HueManager.csproj", "{9FB65C11-213D-4CC1-B3B1-3370B4EB2056}"
EndProject
Project("{FAE04EC0-301F-11D3-BF4B-00C04F79EFBC}") = "Roboworks.Hue", "Roboworks.Hue\Roboworks.Hue.csproj", "{30A592FC-BA3F-4AD3-BBBC-01C1A07B0A3F}"
EndProject
Project("{2150E333-8FDC-42A3-9474-1A3956D46DE8}") = "Tests", "Tests", "{B750111D-501D-47B1-9A3D-F9EAC4278F08}"
EndProject
Project("{FAE04EC0-301F-11D3-BF4B-00C04F79EFBC}") = "Roboworks.Hue.UTests", "Roboworks.Hue.UTests\Roboworks.Hue.UTests.csproj", "{EF2AC857-DFC4-4CF7-91A5-A1A9AE6E31A0}"
EndProject
Project("{FAE04EC0-301F-11D3-BF4B-00C04F79EFBC}") = "Roboworks.Hue.ITests", "Roboworks.Hue.ITests\Roboworks.Hue.ITests.csproj", "{D6EE1450-F857-4B23-8B25-A77A6C5978F1}"
EndProject
Project("{2150E333-8FDC-42A3-9474-1A3956D46DE8}") = "Tiles", "Tiles", "{BAA797A8-3B60-41D2-B894-10B4941FF206}"
EndProject
Project("{FAE04EC0-301F-11D3-BF4B-00C04F79EFBC}") = "Roboworks.Band.Tiles.PhilipsHue", "Roboworks.Band.Tiles.PhilipsHue\Roboworks.Band.Tiles.PhilipsHue.csproj", "{F8A79E67-0C47-4EB4-958C-1A082647B007}"
EndProject
Project("{FAE04EC0-301F-11D3-BF4B-00C04F79EFBC}") = "Roboworks.Band.Tiles.Commuting", "Roboworks.Band.Tiles.Commuting\Roboworks.Band.Tiles.Commuting.csproj", "{FABFC067-2C47-4227-BB10-17A1834755FC}"
EndProject
Project("{FAE04EC0-301F-11D3-BF4B-00C04F79EFBC}") = "Roboworks.Band.Tiles.ChargeNotifier", "Roboworks.Band.Tiles.ChargeNotifier\Roboworks.Band.Tiles.ChargeNotifier.csproj", "{5457FF89-1C72-49B6-9F08-8E33D9985EA5}"
EndProject
Project("{FAE04EC0-301F-11D3-BF4B-00C04F79EFBC}") = "Roboworks.Band.Common", "Roboworks.Band.Common\Roboworks.Band.Common.csproj", "{962AEFB0-8AB3-4078-9F12-13A817D94CB4}"
EndProject
Project("{FAE04EC0-301F-11D3-BF4B-00C04F79EFBC}") = "Roboworks.Band.Common.UTests", "Roboworks.Band.Common.UTests\Roboworks.Band.Common.UTests.csproj", "{AA761B58-07AE-4343-81E4-6A0DCD34F5F0}"
EndProject
Global
	GlobalSection(SolutionConfigurationPlatforms) = preSolution
		Debug|Any CPU = Debug|Any CPU
		Debug|ARM = Debug|ARM
		Debug|x64 = Debug|x64
		Debug|x86 = Debug|x86
		Release|Any CPU = Release|Any CPU
		Release|ARM = Release|ARM
		Release|x64 = Release|x64
		Release|x86 = Release|x86
	EndGlobalSection
	GlobalSection(ProjectConfigurationPlatforms) = postSolution
		{9FB65C11-213D-4CC1-B3B1-3370B4EB2056}.Debug|Any CPU.ActiveCfg = Debug|x86
		{9FB65C11-213D-4CC1-B3B1-3370B4EB2056}.Debug|ARM.ActiveCfg = Debug|ARM
		{9FB65C11-213D-4CC1-B3B1-3370B4EB2056}.Debug|ARM.Build.0 = Debug|ARM
		{9FB65C11-213D-4CC1-B3B1-3370B4EB2056}.Debug|ARM.Deploy.0 = Debug|ARM
		{9FB65C11-213D-4CC1-B3B1-3370B4EB2056}.Debug|x64.ActiveCfg = Debug|x64
		{9FB65C11-213D-4CC1-B3B1-3370B4EB2056}.Debug|x64.Build.0 = Debug|x64
		{9FB65C11-213D-4CC1-B3B1-3370B4EB2056}.Debug|x64.Deploy.0 = Debug|x64
		{9FB65C11-213D-4CC1-B3B1-3370B4EB2056}.Debug|x86.ActiveCfg = Debug|x86
		{9FB65C11-213D-4CC1-B3B1-3370B4EB2056}.Debug|x86.Build.0 = Debug|x86
		{9FB65C11-213D-4CC1-B3B1-3370B4EB2056}.Debug|x86.Deploy.0 = Debug|x86
		{9FB65C11-213D-4CC1-B3B1-3370B4EB2056}.Release|Any CPU.ActiveCfg = Release|x86
		{9FB65C11-213D-4CC1-B3B1-3370B4EB2056}.Release|ARM.ActiveCfg = Release|ARM
		{9FB65C11-213D-4CC1-B3B1-3370B4EB2056}.Release|ARM.Build.0 = Release|ARM
		{9FB65C11-213D-4CC1-B3B1-3370B4EB2056}.Release|ARM.Deploy.0 = Release|ARM
		{9FB65C11-213D-4CC1-B3B1-3370B4EB2056}.Release|x64.ActiveCfg = Release|x64
		{9FB65C11-213D-4CC1-B3B1-3370B4EB2056}.Release|x64.Build.0 = Release|x64
		{9FB65C11-213D-4CC1-B3B1-3370B4EB2056}.Release|x64.Deploy.0 = Release|x64
		{9FB65C11-213D-4CC1-B3B1-3370B4EB2056}.Release|x86.ActiveCfg = Release|x86
		{9FB65C11-213D-4CC1-B3B1-3370B4EB2056}.Release|x86.Build.0 = Release|x86
		{9FB65C11-213D-4CC1-B3B1-3370B4EB2056}.Release|x86.Deploy.0 = Release|x86
		{30A592FC-BA3F-4AD3-BBBC-01C1A07B0A3F}.Debug|Any CPU.ActiveCfg = Debug|Any CPU
		{30A592FC-BA3F-4AD3-BBBC-01C1A07B0A3F}.Debug|Any CPU.Build.0 = Debug|Any CPU
		{30A592FC-BA3F-4AD3-BBBC-01C1A07B0A3F}.Debug|ARM.ActiveCfg = Debug|ARM
		{30A592FC-BA3F-4AD3-BBBC-01C1A07B0A3F}.Debug|ARM.Build.0 = Debug|ARM
		{30A592FC-BA3F-4AD3-BBBC-01C1A07B0A3F}.Debug|x64.ActiveCfg = Debug|x64
		{30A592FC-BA3F-4AD3-BBBC-01C1A07B0A3F}.Debug|x64.Build.0 = Debug|x64
		{30A592FC-BA3F-4AD3-BBBC-01C1A07B0A3F}.Debug|x86.ActiveCfg = Debug|x86
		{30A592FC-BA3F-4AD3-BBBC-01C1A07B0A3F}.Debug|x86.Build.0 = Debug|x86
		{30A592FC-BA3F-4AD3-BBBC-01C1A07B0A3F}.Release|Any CPU.ActiveCfg = Release|Any CPU
		{30A592FC-BA3F-4AD3-BBBC-01C1A07B0A3F}.Release|Any CPU.Build.0 = Release|Any CPU
		{30A592FC-BA3F-4AD3-BBBC-01C1A07B0A3F}.Release|ARM.ActiveCfg = Release|ARM
		{30A592FC-BA3F-4AD3-BBBC-01C1A07B0A3F}.Release|ARM.Build.0 = Release|ARM
		{30A592FC-BA3F-4AD3-BBBC-01C1A07B0A3F}.Release|x64.ActiveCfg = Release|x64
		{30A592FC-BA3F-4AD3-BBBC-01C1A07B0A3F}.Release|x64.Build.0 = Release|x64
		{30A592FC-BA3F-4AD3-BBBC-01C1A07B0A3F}.Release|x86.ActiveCfg = Release|x86
		{30A592FC-BA3F-4AD3-BBBC-01C1A07B0A3F}.Release|x86.Build.0 = Release|x86
		{EF2AC857-DFC4-4CF7-91A5-A1A9AE6E31A0}.Debug|Any CPU.ActiveCfg = Debug|x86
		{EF2AC857-DFC4-4CF7-91A5-A1A9AE6E31A0}.Debug|ARM.ActiveCfg = Debug|ARM
		{EF2AC857-DFC4-4CF7-91A5-A1A9AE6E31A0}.Debug|ARM.Build.0 = Debug|ARM
		{EF2AC857-DFC4-4CF7-91A5-A1A9AE6E31A0}.Debug|ARM.Deploy.0 = Debug|ARM
		{EF2AC857-DFC4-4CF7-91A5-A1A9AE6E31A0}.Debug|x64.ActiveCfg = Debug|x64
		{EF2AC857-DFC4-4CF7-91A5-A1A9AE6E31A0}.Debug|x64.Build.0 = Debug|x64
		{EF2AC857-DFC4-4CF7-91A5-A1A9AE6E31A0}.Debug|x64.Deploy.0 = Debug|x64
		{EF2AC857-DFC4-4CF7-91A5-A1A9AE6E31A0}.Debug|x86.ActiveCfg = Debug|x86
		{EF2AC857-DFC4-4CF7-91A5-A1A9AE6E31A0}.Debug|x86.Build.0 = Debug|x86
		{EF2AC857-DFC4-4CF7-91A5-A1A9AE6E31A0}.Debug|x86.Deploy.0 = Debug|x86
		{EF2AC857-DFC4-4CF7-91A5-A1A9AE6E31A0}.Release|Any CPU.ActiveCfg = Release|x86
		{EF2AC857-DFC4-4CF7-91A5-A1A9AE6E31A0}.Release|ARM.ActiveCfg = Release|ARM
		{EF2AC857-DFC4-4CF7-91A5-A1A9AE6E31A0}.Release|ARM.Build.0 = Release|ARM
		{EF2AC857-DFC4-4CF7-91A5-A1A9AE6E31A0}.Release|ARM.Deploy.0 = Release|ARM
		{EF2AC857-DFC4-4CF7-91A5-A1A9AE6E31A0}.Release|x64.ActiveCfg = Release|x64
		{EF2AC857-DFC4-4CF7-91A5-A1A9AE6E31A0}.Release|x64.Build.0 = Release|x64
		{EF2AC857-DFC4-4CF7-91A5-A1A9AE6E31A0}.Release|x64.Deploy.0 = Release|x64
		{EF2AC857-DFC4-4CF7-91A5-A1A9AE6E31A0}.Release|x86.ActiveCfg = Release|x86
		{EF2AC857-DFC4-4CF7-91A5-A1A9AE6E31A0}.Release|x86.Build.0 = Release|x86
		{EF2AC857-DFC4-4CF7-91A5-A1A9AE6E31A0}.Release|x86.Deploy.0 = Release|x86
		{D6EE1450-F857-4B23-8B25-A77A6C5978F1}.Debug|Any CPU.ActiveCfg = Debug|x86
		{D6EE1450-F857-4B23-8B25-A77A6C5978F1}.Debug|ARM.ActiveCfg = Debug|ARM
		{D6EE1450-F857-4B23-8B25-A77A6C5978F1}.Debug|ARM.Build.0 = Debug|ARM
		{D6EE1450-F857-4B23-8B25-A77A6C5978F1}.Debug|ARM.Deploy.0 = Debug|ARM
		{D6EE1450-F857-4B23-8B25-A77A6C5978F1}.Debug|x64.ActiveCfg = Debug|x64
		{D6EE1450-F857-4B23-8B25-A77A6C5978F1}.Debug|x64.Build.0 = Debug|x64
		{D6EE1450-F857-4B23-8B25-A77A6C5978F1}.Debug|x64.Deploy.0 = Debug|x64
		{D6EE1450-F857-4B23-8B25-A77A6C5978F1}.Debug|x86.ActiveCfg = Debug|x86
		{D6EE1450-F857-4B23-8B25-A77A6C5978F1}.Debug|x86.Build.0 = Debug|x86
		{D6EE1450-F857-4B23-8B25-A77A6C5978F1}.Debug|x86.Deploy.0 = Debug|x86
		{D6EE1450-F857-4B23-8B25-A77A6C5978F1}.Release|Any CPU.ActiveCfg = Release|x86
		{D6EE1450-F857-4B23-8B25-A77A6C5978F1}.Release|ARM.ActiveCfg = Release|ARM
		{D6EE1450-F857-4B23-8B25-A77A6C5978F1}.Release|ARM.Build.0 = Release|ARM
		{D6EE1450-F857-4B23-8B25-A77A6C5978F1}.Release|ARM.Deploy.0 = Release|ARM
		{D6EE1450-F857-4B23-8B25-A77A6C5978F1}.Release|x64.ActiveCfg = Release|x64
		{D6EE1450-F857-4B23-8B25-A77A6C5978F1}.Release|x64.Build.0 = Release|x64
		{D6EE1450-F857-4B23-8B25-A77A6C5978F1}.Release|x64.Deploy.0 = Release|x64
		{D6EE1450-F857-4B23-8B25-A77A6C5978F1}.Release|x86.ActiveCfg = Release|x86
		{D6EE1450-F857-4B23-8B25-A77A6C5978F1}.Release|x86.Build.0 = Release|x86
		{D6EE1450-F857-4B23-8B25-A77A6C5978F1}.Release|x86.Deploy.0 = Release|x86
		{F8A79E67-0C47-4EB4-958C-1A082647B007}.Debug|Any CPU.ActiveCfg = Debug|Any CPU
		{F8A79E67-0C47-4EB4-958C-1A082647B007}.Debug|Any CPU.Build.0 = Debug|Any CPU
		{F8A79E67-0C47-4EB4-958C-1A082647B007}.Debug|ARM.ActiveCfg = Debug|ARM
		{F8A79E67-0C47-4EB4-958C-1A082647B007}.Debug|ARM.Build.0 = Debug|ARM
		{F8A79E67-0C47-4EB4-958C-1A082647B007}.Debug|x64.ActiveCfg = Debug|x64
		{F8A79E67-0C47-4EB4-958C-1A082647B007}.Debug|x64.Build.0 = Debug|x64
		{F8A79E67-0C47-4EB4-958C-1A082647B007}.Debug|x86.ActiveCfg = Debug|x86
		{F8A79E67-0C47-4EB4-958C-1A082647B007}.Debug|x86.Build.0 = Debug|x86
		{F8A79E67-0C47-4EB4-958C-1A082647B007}.Release|Any CPU.ActiveCfg = Release|Any CPU
		{F8A79E67-0C47-4EB4-958C-1A082647B007}.Release|Any CPU.Build.0 = Release|Any CPU
		{F8A79E67-0C47-4EB4-958C-1A082647B007}.Release|ARM.ActiveCfg = Release|ARM
		{F8A79E67-0C47-4EB4-958C-1A082647B007}.Release|ARM.Build.0 = Release|ARM
		{F8A79E67-0C47-4EB4-958C-1A082647B007}.Release|x64.ActiveCfg = Release|x64
		{F8A79E67-0C47-4EB4-958C-1A082647B007}.Release|x64.Build.0 = Release|x64
		{F8A79E67-0C47-4EB4-958C-1A082647B007}.Release|x86.ActiveCfg = Release|x86
		{F8A79E67-0C47-4EB4-958C-1A082647B007}.Release|x86.Build.0 = Release|x86
		{FABFC067-2C47-4227-BB10-17A1834755FC}.Debug|Any CPU.ActiveCfg = Debug|Any CPU
		{FABFC067-2C47-4227-BB10-17A1834755FC}.Debug|Any CPU.Build.0 = Debug|Any CPU
		{FABFC067-2C47-4227-BB10-17A1834755FC}.Debug|ARM.ActiveCfg = Debug|ARM
		{FABFC067-2C47-4227-BB10-17A1834755FC}.Debug|ARM.Build.0 = Debug|ARM
		{FABFC067-2C47-4227-BB10-17A1834755FC}.Debug|x64.ActiveCfg = Debug|x64
		{FABFC067-2C47-4227-BB10-17A1834755FC}.Debug|x64.Build.0 = Debug|x64
		{FABFC067-2C47-4227-BB10-17A1834755FC}.Debug|x86.ActiveCfg = Debug|x86
		{FABFC067-2C47-4227-BB10-17A1834755FC}.Debug|x86.Build.0 = Debug|x86
		{FABFC067-2C47-4227-BB10-17A1834755FC}.Release|Any CPU.ActiveCfg = Release|Any CPU
		{FABFC067-2C47-4227-BB10-17A1834755FC}.Release|Any CPU.Build.0 = Release|Any CPU
		{FABFC067-2C47-4227-BB10-17A1834755FC}.Release|ARM.ActiveCfg = Release|ARM
		{FABFC067-2C47-4227-BB10-17A1834755FC}.Release|ARM.Build.0 = Release|ARM
		{FABFC067-2C47-4227-BB10-17A1834755FC}.Release|x64.ActiveCfg = Release|x64
		{FABFC067-2C47-4227-BB10-17A1834755FC}.Release|x64.Build.0 = Release|x64
		{FABFC067-2C47-4227-BB10-17A1834755FC}.Release|x86.ActiveCfg = Release|x86
		{FABFC067-2C47-4227-BB10-17A1834755FC}.Release|x86.Build.0 = Release|x86
		{5457FF89-1C72-49B6-9F08-8E33D9985EA5}.Debug|Any CPU.ActiveCfg = Debug|Any CPU
		{5457FF89-1C72-49B6-9F08-8E33D9985EA5}.Debug|Any CPU.Build.0 = Debug|Any CPU
		{5457FF89-1C72-49B6-9F08-8E33D9985EA5}.Debug|ARM.ActiveCfg = Debug|ARM
		{5457FF89-1C72-49B6-9F08-8E33D9985EA5}.Debug|ARM.Build.0 = Debug|ARM
		{5457FF89-1C72-49B6-9F08-8E33D9985EA5}.Debug|x64.ActiveCfg = Debug|x64
		{5457FF89-1C72-49B6-9F08-8E33D9985EA5}.Debug|x64.Build.0 = Debug|x64
		{5457FF89-1C72-49B6-9F08-8E33D9985EA5}.Debug|x86.ActiveCfg = Debug|x86
		{5457FF89-1C72-49B6-9F08-8E33D9985EA5}.Debug|x86.Build.0 = Debug|x86
		{5457FF89-1C72-49B6-9F08-8E33D9985EA5}.Release|Any CPU.ActiveCfg = Release|Any CPU
		{5457FF89-1C72-49B6-9F08-8E33D9985EA5}.Release|Any CPU.Build.0 = Release|Any CPU
		{5457FF89-1C72-49B6-9F08-8E33D9985EA5}.Release|ARM.ActiveCfg = Release|ARM
		{5457FF89-1C72-49B6-9F08-8E33D9985EA5}.Release|ARM.Build.0 = Release|ARM
		{5457FF89-1C72-49B6-9F08-8E33D9985EA5}.Release|x64.ActiveCfg = Release|x64
		{5457FF89-1C72-49B6-9F08-8E33D9985EA5}.Release|x64.Build.0 = Release|x64
		{5457FF89-1C72-49B6-9F08-8E33D9985EA5}.Release|x86.ActiveCfg = Release|x86
		{5457FF89-1C72-49B6-9F08-8E33D9985EA5}.Release|x86.Build.0 = Release|x86
		{962AEFB0-8AB3-4078-9F12-13A817D94CB4}.Debug|Any CPU.ActiveCfg = Debug|Any CPU
		{962AEFB0-8AB3-4078-9F12-13A817D94CB4}.Debug|Any CPU.Build.0 = Debug|Any CPU
		{962AEFB0-8AB3-4078-9F12-13A817D94CB4}.Debug|ARM.ActiveCfg = Debug|ARM
		{962AEFB0-8AB3-4078-9F12-13A817D94CB4}.Debug|ARM.Build.0 = Debug|ARM
		{962AEFB0-8AB3-4078-9F12-13A817D94CB4}.Debug|x64.ActiveCfg = Debug|x64
		{962AEFB0-8AB3-4078-9F12-13A817D94CB4}.Debug|x64.Build.0 = Debug|x64
		{962AEFB0-8AB3-4078-9F12-13A817D94CB4}.Debug|x86.ActiveCfg = Debug|x86
		{962AEFB0-8AB3-4078-9F12-13A817D94CB4}.Debug|x86.Build.0 = Debug|x86
		{962AEFB0-8AB3-4078-9F12-13A817D94CB4}.Release|Any CPU.ActiveCfg = Release|Any CPU
		{962AEFB0-8AB3-4078-9F12-13A817D94CB4}.Release|Any CPU.Build.0 = Release|Any CPU
		{962AEFB0-8AB3-4078-9F12-13A817D94CB4}.Release|ARM.ActiveCfg = Release|ARM
		{962AEFB0-8AB3-4078-9F12-13A817D94CB4}.Release|ARM.Build.0 = Release|ARM
		{962AEFB0-8AB3-4078-9F12-13A817D94CB4}.Release|x64.ActiveCfg = Release|x64
		{962AEFB0-8AB3-4078-9F12-13A817D94CB4}.Release|x64.Build.0 = Release|x64
		{962AEFB0-8AB3-4078-9F12-13A817D94CB4}.Release|x86.ActiveCfg = Release|x86
		{962AEFB0-8AB3-4078-9F12-13A817D94CB4}.Release|x86.Build.0 = Release|x86
		{AA761B58-07AE-4343-81E4-6A0DCD34F5F0}.Debug|Any CPU.ActiveCfg = Debug|x86
		{AA761B58-07AE-4343-81E4-6A0DCD34F5F0}.Debug|ARM.ActiveCfg = Debug|ARM
		{AA761B58-07AE-4343-81E4-6A0DCD34F5F0}.Debug|ARM.Build.0 = Debug|ARM
		{AA761B58-07AE-4343-81E4-6A0DCD34F5F0}.Debug|ARM.Deploy.0 = Debug|ARM
		{AA761B58-07AE-4343-81E4-6A0DCD34F5F0}.Debug|x64.ActiveCfg = Debug|x64
		{AA761B58-07AE-4343-81E4-6A0DCD34F5F0}.Debug|x64.Build.0 = Debug|x64
		{AA761B58-07AE-4343-81E4-6A0DCD34F5F0}.Debug|x64.Deploy.0 = Debug|x64
		{AA761B58-07AE-4343-81E4-6A0DCD34F5F0}.Debug|x86.ActiveCfg = Debug|x86
		{AA761B58-07AE-4343-81E4-6A0DCD34F5F0}.Debug|x86.Build.0 = Debug|x86
		{AA761B58-07AE-4343-81E4-6A0DCD34F5F0}.Debug|x86.Deploy.0 = Debug|x86
		{AA761B58-07AE-4343-81E4-6A0DCD34F5F0}.Release|Any CPU.ActiveCfg = Release|x86
		{AA761B58-07AE-4343-81E4-6A0DCD34F5F0}.Release|ARM.ActiveCfg = Release|ARM
		{AA761B58-07AE-4343-81E4-6A0DCD34F5F0}.Release|ARM.Build.0 = Release|ARM
		{AA761B58-07AE-4343-81E4-6A0DCD34F5F0}.Release|ARM.Deploy.0 = Release|ARM
		{AA761B58-07AE-4343-81E4-6A0DCD34F5F0}.Release|x64.ActiveCfg = Release|x64
		{AA761B58-07AE-4343-81E4-6A0DCD34F5F0}.Release|x64.Build.0 = Release|x64
		{AA761B58-07AE-4343-81E4-6A0DCD34F5F0}.Release|x64.Deploy.0 = Release|x64
		{AA761B58-07AE-4343-81E4-6A0DCD34F5F0}.Release|x86.ActiveCfg = Release|x86
		{AA761B58-07AE-4343-81E4-6A0DCD34F5F0}.Release|x86.Build.0 = Release|x86
		{AA761B58-07AE-4343-81E4-6A0DCD34F5F0}.Release|x86.Deploy.0 = Release|x86
	EndGlobalSection
	GlobalSection(SolutionProperties) = preSolution
		HideSolutionNode = FALSE
	EndGlobalSection
	GlobalSection(NestedProjects) = preSolution
		{EF2AC857-DFC4-4CF7-91A5-A1A9AE6E31A0} = {B750111D-501D-47B1-9A3D-F9EAC4278F08}
		{D6EE1450-F857-4B23-8B25-A77A6C5978F1} = {B750111D-501D-47B1-9A3D-F9EAC4278F08}
		{F8A79E67-0C47-4EB4-958C-1A082647B007} = {BAA797A8-3B60-41D2-B894-10B4941FF206}
		{FABFC067-2C47-4227-BB10-17A1834755FC} = {BAA797A8-3B60-41D2-B894-10B4941FF206}
		{5457FF89-1C72-49B6-9F08-8E33D9985EA5} = {BAA797A8-3B60-41D2-B894-10B4941FF206}
		{AA761B58-07AE-4343-81E4-6A0DCD34F5F0} = {B750111D-501D-47B1-9A3D-F9EAC4278F08}
	EndGlobalSection
EndGlobal
